
Microsoft Visual Studio Solution File, Format Version 12.00
# Visual Studio 2013
VisualStudioVersion = 12.0.31101.0
MinimumVisualStudioVersion = 10.0.40219.1
Project("{2150E333-8FDC-42A3-9474-1A3956D46DE8}") = "Library", "Library", "{EABBEA89-1522-47F3-A622-768DE28274A3}"
	ProjectSection(SolutionItems) = preProject
		Library\core.h = Library\core.h
		Library\studio.h = Library\studio.h
	EndProjectSection
EndProject
Project("{8BC9CEB8-8B4A-11D0-8D11-00A0C91BC942}") = "DevApp", "DevApp\DevApp.vcxproj", "{B12702AD-ABFB-343A-A199-8E24837244A3}"
EndProject
Project("{2150E333-8FDC-42A3-9474-1A3956D46DE8}") = "Apps", "Apps", "{D017E0F5-9D8E-4E87-B03C-1A44581BD590}"
EndProject
Project("{2150E333-8FDC-42A3-9474-1A3956D46DE8}") = "Common", "Common", "{396EDE03-DC05-42F5-B7ED-8123A1C7847F}"
	ProjectSection(SolutionItems) = preProject
		Library\common-bounds_.h = Library\common-bounds_.h
		Library\common-castpixelconv.h = Library\common-castpixelconv.h
		Library\common-chainpixelconv.h = Library\common-chainpixelconv.h
		Library\common-fromunitintervalpixelconv.h = Library\common-fromunitintervalpixelconv.h
		Library\common-image.h = Library\common-image.h
		Library\common-imatrixadapter.h = Library\common-imatrixadapter.h
		Library\common-ipixelconverter.h = Library\common-ipixelconverter.h
		Library\common-list.h = Library\common-list.h
		Library\common-managedlist.h = Library\common-managedlist.h
		Library\common-math_.h = Library\common-math_.h
		Library\common-matrix2.h = Library\common-matrix2.h
		Library\common-matrix3.h = Library\common-matrix3.h
		Library\common-matrix4.h = Library\common-matrix4.h
		Library\common-nullable.h = Library\common-nullable.h
		Library\common-nullablenull.h = Library\common-nullablenull.h
		Library\common-quaternion.h = Library\common-quaternion.h
		Library\common-range.h = Library\common-range.h
		Library\common-scalecastpixelconv.h = Library\common-scalecastpixelconv.h
		Library\common-tounitintervalpixelconv.h = Library\common-tounitintervalpixelconv.h
		Library\common-tuple.h = Library\common-tuple.h
		Library\common-tuplecreation_.h = Library\common-tuplecreation_.h
		Library\common-unitinterval.h = Library\common-unitinterval.h
		Library\common-unitvector.h = Library\common-unitvector.h
		Library\common-vector2.h = Library\common-vector2.h
		Library\common-vector3.h = Library\common-vector3.h
		Library\common-vector4.h = Library\common-vector4.h
		Library\common.h = Library\common.h
	EndProjectSection
EndProject
Project("{2150E333-8FDC-42A3-9474-1A3956D46DE8}") = "Movement", "Movement", "{2EBFD270-37B4-4996-B345-DB29BC3B0C94}"
	ProjectSection(SolutionItems) = preProject
		Library\movement-bonefixedpositionlist.h = Library\movement-bonefixedpositionlist.h
		Library\movement-bonemap.h = Library\movement-bonemap.h
		Library\movement-iactuator.h = Library\movement-iactuator.h
		Library\movement-jointlist.h = Library\movement-jointlist.h
		Library\movement-linear2dactuator.h = Library\movement-linear2dactuator.h
		Library\movement-positionlist.h = Library\movement-positionlist.h
		Library\movement-positiontranslation2d_.h = Library\movement-positiontranslation2d_.h
		Library\movement-positiontranslation3d_.h = Library\movement-positiontranslation3d_.h
		Library\movement-rotating2dactuator.h = Library\movement-rotating2dactuator.h
		Library\movement.2d.h = Library\movement.2d.h
		Library\movement.3d.h = Library\movement.3d.h
		Library\movement.h = Library\movement.h
		Library\skeletals-definitionuncompressed.h = Library\skeletals-definitionuncompressed.h
	EndProjectSection
EndProject
Project("{2150E333-8FDC-42A3-9474-1A3956D46DE8}") = "Picture", "Picture", "{C63334A9-184B-41E8-8959-400037139DDA}"
	ProjectSection(SolutionItems) = preProject
		Library\picture-argbtorgbpixelconv.h = Library\picture-argbtorgbpixelconv.h
		Library\picture-cmyktorgbpixelconv.h = Library\picture-cmyktorgbpixelconv.h
		Library\picture-colorhelpers_.h = Library\picture-colorhelpers_.h
		Library\picture-colormaps_.h = Library\picture-colormaps_.h
		Library\picture-colormodelconvbuilders_.h = Library\picture-colormodelconvbuilders_.h
		Library\picture-colormodelhelpers_.h = Library\picture-colormodelhelpers_.h
		Library\picture-hsvtorgbpixelconv.h = Library\picture-hsvtorgbpixelconv.h
		Library\picture-quadchanpixelconvbuilders_.h = Library\picture-quadchanpixelconvbuilders_.h
		Library\picture-quadcolormap.h = Library\picture-quadcolormap.h
		Library\picture-quadcolormapscaledpixelconv.h = Library\picture-quadcolormapscaledpixelconv.h
		Library\picture-rgbtoargbpixelconv.h = Library\picture-rgbtoargbpixelconv.h
		Library\picture-rgbtocmykpixelconv.h = Library\picture-rgbtocmykpixelconv.h
		Library\picture-rgbtohsvpixelconv.h = Library\picture-rgbtohsvpixelconv.h
		Library\picture-selectchanavgquadchanpixelconv.h = Library\picture-selectchanavgquadchanpixelconv.h
		Library\picture-selectchanavgtrichanpixelconv.h = Library\picture-selectchanavgtrichanpixelconv.h
		Library\picture-selectchanquadchanpixelconv.h = Library\picture-selectchanquadchanpixelconv.h
		Library\picture-selectchantrichanpixelconv.h = Library\picture-selectchantrichanpixelconv.h
		Library\picture-spreadchanquadchanpixelconv.h = Library\picture-spreadchanquadchanpixelconv.h
		Library\picture-spreadchantrichanpixelconv.h = Library\picture-spreadchantrichanpixelconv.h
		Library\picture-spreadvaluequadchanpixelconv.h = Library\picture-spreadvaluequadchanpixelconv.h
		Library\picture-spreadvaluetrichanpixelconv.h = Library\picture-spreadvaluetrichanpixelconv.h
		Library\picture-trichanpixelconvbuilders_.h = Library\picture-trichanpixelconvbuilders_.h
		Library\picture-tricolormap.h = Library\picture-tricolormap.h
		Library\picture-tricolormappalettepixelconv.h = Library\picture-tricolormappalettepixelconv.h
		Library\picture-tricolormapscaledpixelconv.h = Library\picture-tricolormapscaledpixelconv.h
		Library\picture.h = Library\picture.h
	EndProjectSection
EndProject
Project("{2150E333-8FDC-42A3-9474-1A3956D46DE8}") = "Space2d", "Space2d", "{1484C5EF-837A-438B-9A42-109B223981AC}"
	ProjectSection(SolutionItems) = preProject
		Library\space2d-axis2d.h = Library\space2d-axis2d.h
		Library\space2d-common_.h = Library\space2d-common_.h
		Library\space2d-linesegment2d.h = Library\space2d-linesegment2d.h
		Library\space2d-plot.h = Library\space2d-plot.h
		Library\space2d-transformmatrixbuilders_.h = Library\space2d-transformmatrixbuilders_.h
		Library\space2d.h = Library\space2d.h
	EndProjectSection
EndProject
Project("{2150E333-8FDC-42A3-9474-1A3956D46DE8}") = "Space3d", "Space3d", "{39B1E140-9199-48DF-8C9D-3CEE087D16F9}"
	ProjectSection(SolutionItems) = preProject
		Library\space3d-axis3d.h = Library\space3d-axis3d.h
		Library\space3d-common_.h = Library\space3d-common_.h
		Library\space3d-coordinate.h = Library\space3d-coordinate.h
		Library\space3d-linesegment3d.h = Library\space3d-linesegment3d.h
		Library\space3d-transformmatrixbuilders_.h = Library\space3d-transformmatrixbuilders_.h
		Library\space3d-transformquaternionbuilders_.h = Library\space3d-transformquaternionbuilders_.h
		Library\space3d.h = Library\space3d.h
	EndProjectSection
EndProject
Project("{2150E333-8FDC-42A3-9474-1A3956D46DE8}") = "Render3d", "Render3d", "{ED5ED465-CD5A-49CA-B684-775BC704AF1E}"
	ProjectSection(SolutionItems) = preProject
		Library\render3d-orthographic_.h = Library\render3d-orthographic_.h
		Library\render3d.h = Library\render3d.h
	EndProjectSection
EndProject
Project("{2150E333-8FDC-42A3-9474-1A3956D46DE8}") = "Picture-Qt", "Picture-Qt", "{6E009004-5FB5-4DBE-A9CA-6F53A88D05F2}"
	ProjectSection(SolutionItems) = preProject
		Library\picture-qt-imagemapper_.h = Library\picture-qt-imagemapper_.h
		Library\picture-qt.h = Library\picture-qt.h
	EndProjectSection
EndProject
Project("{8BC9CEB8-8B4A-11D0-8D11-00A0C91BC942}") = "Play2d", "Play2d\Play2d.vcxproj", "{539D6705-C81F-4F02-8667-8C3FA2B5053B}"
EndProject
Project("{2150E333-8FDC-42A3-9474-1A3956D46DE8}") = "Kinematics", "Kinematics", "{6906B4BF-34E6-42FA-9B09-33784287526E}"
	ProjectSection(SolutionItems) = preProject
		Library\kinematics-arm2link_.cpp = Library\kinematics-arm2link_.cpp
		Library\kinematics-arm2link_.h = Library\kinematics-arm2link_.h
		Library\kinematics.2d.h = Library\kinematics.2d.h
		Library\kinematics.3d.h = Library\kinematics.3d.h
		Library\kinematics.h = Library\kinematics.h
	EndProjectSection
EndProject
Project("{2150E333-8FDC-42A3-9474-1A3956D46DE8}") = "Skeletals", "Skeletals", "{74304190-B709-4A1C-A513-8265DBBF0FFB}"
	ProjectSection(SolutionItems) = preProject
		Library\skeletals-armskeletal.h = Library\skeletals-armskeletal.h
		Library\skeletals-basicskeletal.h = Library\skeletals-basicskeletal.h
		Library\skeletals-definition.h = Library\skeletals-definition.h
		Library\skeletals-definitionuncompressed.h = Library\skeletals-definitionuncompressed.h
		Library\skeletals.2d.h = Library\skeletals.2d.h
		Library\skeletals.3d.h = Library\skeletals.3d.h
		Library\skeletals.h = Library\skeletals.h
	EndProjectSection
EndProject
Project("{2150E333-8FDC-42A3-9474-1A3956D46DE8}") = "SkeletalRender", "SkeletalRender", "{C7030DD8-7707-43AB-9E34-51F04FA9E724}"
	ProjectSection(SolutionItems) = preProject
		Library\skeletalrender-jointtobonefixed_.h = Library\skeletalrender-jointtobonefixed_.h
		Library\skeletalrender-jointtojoint_.h = Library\skeletalrender-jointtojoint_.h
		Library\skeletalrender.h = Library\skeletalrender.h
	EndProjectSection
EndProject
Project("{2150E333-8FDC-42A3-9474-1A3956D46DE8}") = "SkeletalRender-Qt", "SkeletalRender-Qt", "{839484E3-EB15-439C-9323-E4C9F6E9C47B}"
	ProjectSection(SolutionItems) = preProject
		Library\skeletalrender-qt.h = Library\skeletalrender-qt.h
	EndProjectSection
EndProject
Global
	GlobalSection(SolutionConfigurationPlatforms) = preSolution
		Debug|Win32 = Debug|Win32
		Release|Win32 = Release|Win32
	EndGlobalSection
	GlobalSection(ProjectConfigurationPlatforms) = postSolution
		{B12702AD-ABFB-343A-A199-8E24837244A3}.Debug|Win32.ActiveCfg = Debug|Win32
		{B12702AD-ABFB-343A-A199-8E24837244A3}.Debug|Win32.Build.0 = Debug|Win32
		{B12702AD-ABFB-343A-A199-8E24837244A3}.Release|Win32.ActiveCfg = Release|Win32
		{B12702AD-ABFB-343A-A199-8E24837244A3}.Release|Win32.Build.0 = Release|Win32
		{539D6705-C81F-4F02-8667-8C3FA2B5053B}.Debug|Win32.ActiveCfg = Debug|Win32
		{539D6705-C81F-4F02-8667-8C3FA2B5053B}.Debug|Win32.Build.0 = Debug|Win32
		{539D6705-C81F-4F02-8667-8C3FA2B5053B}.Release|Win32.ActiveCfg = Release|Win32
		{539D6705-C81F-4F02-8667-8C3FA2B5053B}.Release|Win32.Build.0 = Release|Win32
	EndGlobalSection
	GlobalSection(SolutionProperties) = preSolution
		HideSolutionNode = FALSE
	EndGlobalSection
	GlobalSection(NestedProjects) = preSolution
		{B12702AD-ABFB-343A-A199-8E24837244A3} = {D017E0F5-9D8E-4E87-B03C-1A44581BD590}
		{396EDE03-DC05-42F5-B7ED-8123A1C7847F} = {EABBEA89-1522-47F3-A622-768DE28274A3}
		{2EBFD270-37B4-4996-B345-DB29BC3B0C94} = {EABBEA89-1522-47F3-A622-768DE28274A3}
		{C63334A9-184B-41E8-8959-400037139DDA} = {EABBEA89-1522-47F3-A622-768DE28274A3}
		{1484C5EF-837A-438B-9A42-109B223981AC} = {EABBEA89-1522-47F3-A622-768DE28274A3}
		{39B1E140-9199-48DF-8C9D-3CEE087D16F9} = {EABBEA89-1522-47F3-A622-768DE28274A3}
		{ED5ED465-CD5A-49CA-B684-775BC704AF1E} = {EABBEA89-1522-47F3-A622-768DE28274A3}
		{6E009004-5FB5-4DBE-A9CA-6F53A88D05F2} = {EABBEA89-1522-47F3-A622-768DE28274A3}
		{539D6705-C81F-4F02-8667-8C3FA2B5053B} = {D017E0F5-9D8E-4E87-B03C-1A44581BD590}
		{6906B4BF-34E6-42FA-9B09-33784287526E} = {EABBEA89-1522-47F3-A622-768DE28274A3}
		{74304190-B709-4A1C-A513-8265DBBF0FFB} = {EABBEA89-1522-47F3-A622-768DE28274A3}
		{C7030DD8-7707-43AB-9E34-51F04FA9E724} = {EABBEA89-1522-47F3-A622-768DE28274A3}
		{839484E3-EB15-439C-9323-E4C9F6E9C47B} = {EABBEA89-1522-47F3-A622-768DE28274A3}
	EndGlobalSection
EndGlobal
